
Microsoft Visual Studio Solution File, Format Version 12.00
# Visual Studio Version 17
VisualStudioVersion = 17.0.31912.275
MinimumVisualStudioVersion = 10.0.40219.1
Project("{FAE04EC0-301F-11D3-BF4B-00C04F79EFBC}") = "TasksApi", "TasksApi\TasksApi.csproj", "{838D3D0B-E796-4311-8ED8-AB518056064B}"
EndProject
Global
	GlobalSection(SolutionConfigurationPlatforms) = preSolution
		Debug|Any CPU = Debug|Any CPU
		Release|Any CPU = Release|Any CPU
	EndGlobalSection
	GlobalSection(ProjectConfigurationPlatforms) = postSolution
		{838D3D0B-E796-4311-8ED8-AB518056064B}.Debug|Any CPU.ActiveCfg = Debug|Any CPU
		{838D3D0B-E796-4311-8ED8-AB518056064B}.Debug|Any CPU.Build.0 = Debug|Any CPU
		{838D3D0B-E796-4311-8ED8-AB518056064B}.Release|Any CPU.ActiveCfg = Release|Any CPU
		{838D3D0B-E796-4311-8ED8-AB518056064B}.Release|Any CPU.Build.0 = Release|Any CPU
	EndGlobalSection
	GlobalSection(SolutionProperties) = preSolution
		HideSolutionNode = FALSE
	EndGlobalSection
	GlobalSection(ExtensibilityGlobals) = postSolution
		SolutionGuid = {C9F8E795-A90A-499C-852C-F250880E43A0}
	EndGlobalSection
EndGlobal
